
Microsoft Visual Studio Solution File, Format Version 11.00
# Visual Studio 2010
Project("{FAE04EC0-301F-11D3-BF4B-00C04F79EFBC}") = "LifebyteMVC.Web", "LifebyteMVC.Web\LifebyteMVC.Web.csproj", "{B84CBB09-2039-4CD1-80E4-13AFAC25A7DF}"
EndProject
Project("{FAE04EC0-301F-11D3-BF4B-00C04F79EFBC}") = "LifebyteMVC.Web.Test", "LifebyteMVC.Web.Test\LifebyteMVC.Web.Test.csproj", "{B6EC12BD-F392-4B1D-9FFB-C2D87B62A165}"
EndProject
Project("{2150E333-8FDC-42A3-9474-1A3956D46DE8}") = "Solution Items", "Solution Items", "{2EE8ACE6-AA07-4500-A2D6-644B1AAC87E8}"
	ProjectSection(SolutionItems) = preProject
		LifebyteMVC.vsmdi = LifebyteMVC.vsmdi
		Local.testsettings = Local.testsettings
		TraceAndTestImpact.testsettings = TraceAndTestImpact.testsettings
	EndProjectSection
EndProject
Project("{FAE04EC0-301F-11D3-BF4B-00C04F79EFBC}") = "LifebyteMVC.Core", "LifebyteMVC.Core\LifebyteMVC.Core.csproj", "{F01E58EC-F4AE-4E30-B2C4-6604FFF8C2CA}"
EndProject
Project("{FAE04EC0-301F-11D3-BF4B-00C04F79EFBC}") = "LifebyteMVC.Data", "LifebyteMVC.Data\LifebyteMVC.Data.csproj", "{4B6A68AB-588C-4CA2-A2D3-B9C01A275C44}"
EndProject
Project("{FAE04EC0-301F-11D3-BF4B-00C04F79EFBC}") = "LifebyteMVC.Data.Test", "LifebyteMVC.Data.Test\LifebyteMVC.Data.Test.csproj", "{F67B32C3-2319-4CC7-BB71-434B1FFA0FD8}"
EndProject
Global
	GlobalSection(TestCaseManagementSettings) = postSolution
		CategoryFile = LifebyteMVC.vsmdi
	EndGlobalSection
	GlobalSection(SolutionConfigurationPlatforms) = preSolution
		Debug|Any CPU = Debug|Any CPU
		Release|Any CPU = Release|Any CPU
	EndGlobalSection
	GlobalSection(ProjectConfigurationPlatforms) = postSolution
		{B84CBB09-2039-4CD1-80E4-13AFAC25A7DF}.Debug|Any CPU.ActiveCfg = Debug|Any CPU
		{B84CBB09-2039-4CD1-80E4-13AFAC25A7DF}.Debug|Any CPU.Build.0 = Debug|Any CPU
		{B84CBB09-2039-4CD1-80E4-13AFAC25A7DF}.Release|Any CPU.ActiveCfg = Release|Any CPU
		{B84CBB09-2039-4CD1-80E4-13AFAC25A7DF}.Release|Any CPU.Build.0 = Release|Any CPU
		{B6EC12BD-F392-4B1D-9FFB-C2D87B62A165}.Debug|Any CPU.ActiveCfg = Debug|Any CPU
		{B6EC12BD-F392-4B1D-9FFB-C2D87B62A165}.Debug|Any CPU.Build.0 = Debug|Any CPU
		{B6EC12BD-F392-4B1D-9FFB-C2D87B62A165}.Release|Any CPU.ActiveCfg = Release|Any CPU
		{B6EC12BD-F392-4B1D-9FFB-C2D87B62A165}.Release|Any CPU.Build.0 = Release|Any CPU
		{F01E58EC-F4AE-4E30-B2C4-6604FFF8C2CA}.Debug|Any CPU.ActiveCfg = Debug|Any CPU
		{F01E58EC-F4AE-4E30-B2C4-6604FFF8C2CA}.Debug|Any CPU.Build.0 = Debug|Any CPU
		{F01E58EC-F4AE-4E30-B2C4-6604FFF8C2CA}.Release|Any CPU.ActiveCfg = Release|Any CPU
		{F01E58EC-F4AE-4E30-B2C4-6604FFF8C2CA}.Release|Any CPU.Build.0 = Release|Any CPU
		{4B6A68AB-588C-4CA2-A2D3-B9C01A275C44}.Debug|Any CPU.ActiveCfg = Debug|Any CPU
		{4B6A68AB-588C-4CA2-A2D3-B9C01A275C44}.Debug|Any CPU.Build.0 = Debug|Any CPU
		{4B6A68AB-588C-4CA2-A2D3-B9C01A275C44}.Release|Any CPU.ActiveCfg = Release|Any CPU
		{4B6A68AB-588C-4CA2-A2D3-B9C01A275C44}.Release|Any CPU.Build.0 = Release|Any CPU
		{F67B32C3-2319-4CC7-BB71-434B1FFA0FD8}.Debug|Any CPU.ActiveCfg = Debug|Any CPU
		{F67B32C3-2319-4CC7-BB71-434B1FFA0FD8}.Debug|Any CPU.Build.0 = Debug|Any CPU
		{F67B32C3-2319-4CC7-BB71-434B1FFA0FD8}.Release|Any CPU.ActiveCfg = Release|Any CPU
		{F67B32C3-2319-4CC7-BB71-434B1FFA0FD8}.Release|Any CPU.Build.0 = Release|Any CPU
	EndGlobalSection
	GlobalSection(SolutionProperties) = preSolution
		HideSolutionNode = FALSE
	EndGlobalSection
EndGlobal
